{
  "name": "chrome-extension-cli",
  "version": "0.1.0",
  "lockfileVersion": 1,
  "requires": true,
  "dependencies": {
    "commander": {
      "version": "3.0.1",
      "resolved": "https://registry.npmjs.org/commander/-/commander-3.0.1.tgz",
      "integrity": "sha512-UNgvDd+csKdc9GD4zjtkHKQbT8Aspt2jCBqNSPp53vAS0L1tS9sXB2TCEOPHJ7kt9bN/niWkYj8T3RQSoMXdSQ=="
    }
  }
}
